
Microsoft Visual Studio Solution File, Format Version 12.00
# Visual Studio Version 16
VisualStudioVersion = 25.0.1704.4
MinimumVisualStudioVersion = 10.0.40219.1
Project("{FAE04EC0-301F-11D3-BF4B-00C04F79EFBC}") = "LineBff", "LineBff\LineBff.csproj", "{83DEAEE0-5F4A-4E63-85FF-AE59063ECBF5}"
EndProject
Global
	GlobalSection(SolutionConfigurationPlatforms) = preSolution
		Debug|Any CPU = Debug|Any CPU
		Release|Any CPU = Release|Any CPU
	EndGlobalSection
	GlobalSection(ProjectConfigurationPlatforms) = postSolution
		{83DEAEE0-5F4A-4E63-85FF-AE59063ECBF5}.Debug|Any CPU.ActiveCfg = Debug|Any CPU
		{83DEAEE0-5F4A-4E63-85FF-AE59063ECBF5}.Debug|Any CPU.Build.0 = Debug|Any CPU
		{83DEAEE0-5F4A-4E63-85FF-AE59063ECBF5}.Release|Any CPU.ActiveCfg = Release|Any CPU
		{83DEAEE0-5F4A-4E63-85FF-AE59063ECBF5}.Release|Any CPU.Build.0 = Release|Any CPU
	EndGlobalSection
	GlobalSection(SolutionProperties) = preSolution
		HideSolutionNode = FALSE
	EndGlobalSection
	GlobalSection(ExtensibilityGlobals) = postSolution
		SolutionGuid = {6F9B9155-41CA-4D4F-9812-F4ECB878A471}
	EndGlobalSection
EndGlobal
